
Microsoft Visual Studio Solution File, Format Version 12.00
# Visual Studio Version 16
VisualStudioVersion = 16.0.30804.86
MinimumVisualStudioVersion = 10.0.40219.1
Project("{FAE04EC0-301F-11D3-BF4B-00C04F79EFBC}") = "ShalekKavy.Api", "ShalekKavy.Api.csproj", "{624FE7D0-4C08-4DBF-8661-31FB5D2E68F8}"
EndProject
Global
	GlobalSection(SolutionConfigurationPlatforms) = preSolution
		Debug|Any CPU = Debug|Any CPU
		Release|Any CPU = Release|Any CPU
	EndGlobalSection
	GlobalSection(ProjectConfigurationPlatforms) = postSolution
		{624FE7D0-4C08-4DBF-8661-31FB5D2E68F8}.Debug|Any CPU.ActiveCfg = Debug|Any CPU
		{624FE7D0-4C08-4DBF-8661-31FB5D2E68F8}.Debug|Any CPU.Build.0 = Debug|Any CPU
		{624FE7D0-4C08-4DBF-8661-31FB5D2E68F8}.Release|Any CPU.ActiveCfg = Release|Any CPU
		{624FE7D0-4C08-4DBF-8661-31FB5D2E68F8}.Release|Any CPU.Build.0 = Release|Any CPU
	EndGlobalSection
	GlobalSection(SolutionProperties) = preSolution
		HideSolutionNode = FALSE
	EndGlobalSection
	GlobalSection(ExtensibilityGlobals) = postSolution
		SolutionGuid = {1A13DF4C-C603-40D7-BD9A-872A703A07DC}
	EndGlobalSection
EndGlobal
